// !$*UTF8*$!
{
	archiveVersion = 1;
	classes = {
	};
	objectVersion = 46;
	objects = {

/* Begin PBXBuildFile section */
		6FD1B6C26E1DDC931D11B3D8 /* Pods_DropUITests.framework in Frameworks */ = {isa = PBXBuildFile; fileRef = 4051676D72EF7283B2AD4D8F /* Pods_DropUITests.framework */; };
		CF2815D51E630C1200E2B7B8 /* TODO.md in Sources */ = {isa = PBXBuildFile; fileRef = CF2815D41E630C1200E2B7B8 /* TODO.md */; };
		CF2815D91E6349EB00E2B7B8 /* VaccineDetailViewController.swift in Sources */ = {isa = PBXBuildFile; fileRef = CF2815D81E6349EB00E2B7B8 /* VaccineDetailViewController.swift */; };
		CF2CA2BFF3259E016141DED3 /* Pods_Drop.framework in Frameworks */ = {isa = PBXBuildFile; fileRef = 3E43291F12FFF1702DDFCED5 /* Pods_Drop.framework */; };
		CFFC31F51E62071200985A0F /* AppDelegate.swift in Sources */ = {isa = PBXBuildFile; fileRef = CFFC31F41E62071200985A0F /* AppDelegate.swift */; };
		CFFC31F71E62071200985A0F /* ViewController.swift in Sources */ = {isa = PBXBuildFile; fileRef = CFFC31F61E62071200985A0F /* ViewController.swift */; };
		CFFC31FA1E62071200985A0F /* Main.storyboard in Resources */ = {isa = PBXBuildFile; fileRef = CFFC31F81E62071200985A0F /* Main.storyboard */; };
		CFFC31FC1E62071200985A0F /* Assets.xcassets in Resources */ = {isa = PBXBuildFile; fileRef = CFFC31FB1E62071200985A0F /* Assets.xcassets */; };
		CFFC31FF1E62071200985A0F /* LaunchScreen.storyboard in Resources */ = {isa = PBXBuildFile; fileRef = CFFC31FD1E62071200985A0F /* LaunchScreen.storyboard */; };
		CFFC320A1E62071200985A0F /* DropTests.swift in Sources */ = {isa = PBXBuildFile; fileRef = CFFC32091E62071200985A0F /* DropTests.swift */; };
		CFFC32151E62071200985A0F /* DropUITests.swift in Sources */ = {isa = PBXBuildFile; fileRef = CFFC32141E62071200985A0F /* DropUITests.swift */; };
		CFFC32251E620EB200985A0F /* VaccineTableViewCell.swift in Sources */ = {isa = PBXBuildFile; fileRef = CFFC32241E620EB200985A0F /* VaccineTableViewCell.swift */; };
		CFFC32271E6213A000985A0F /* VaccineCollectionViewCell.swift in Sources */ = {isa = PBXBuildFile; fileRef = CFFC32261E6213A000985A0F /* VaccineCollectionViewCell.swift */; };
		CFFC32291E62156900985A0F /* .gitignore in Resources */ = {isa = PBXBuildFile; fileRef = CFFC32281E62156900985A0F /* .gitignore */; };
		CFFC322B1E6215B900985A0F /* K.swift in Sources */ = {isa = PBXBuildFile; fileRef = CFFC322A1E6215B900985A0F /* K.swift */; };
		CFFC322D1E62418100985A0F /* Vaccine.swift in Sources */ = {isa = PBXBuildFile; fileRef = CFFC322C1E62418100985A0F /* Vaccine.swift */; };
		CFFC32311E6251F400985A0F /* README.md in Sources */ = {isa = PBXBuildFile; fileRef = CFFC32301E6251F400985A0F /* README.md */; };
		F00D6E8CF1025609F006A61C /* Pods_DropTests.framework in Frameworks */ = {isa = PBXBuildFile; fileRef = 65E0D4F1071E0013A99C54A0 /* Pods_DropTests.framework */; };
/* End PBXBuildFile section */

/* Begin PBXContainerItemProxy section */
		CFFC32061E62071200985A0F /* PBXContainerItemProxy */ = {
			isa = PBXContainerItemProxy;
			containerPortal = CFFC31E91E62071200985A0F /* Project object */;
			proxyType = 1;
			remoteGlobalIDString = CFFC31F01E62071200985A0F;
			remoteInfo = Drop;
		};
		CFFC32111E62071200985A0F /* PBXContainerItemProxy */ = {
			isa = PBXContainerItemProxy;
			containerPortal = CFFC31E91E62071200985A0F /* Project object */;
			proxyType = 1;
			remoteGlobalIDString = CFFC31F01E62071200985A0F;
			remoteInfo = Drop;
		};
/* End PBXContainerItemProxy section */

/* Begin PBXFileReference section */
		089CCE94681D81253A1CCF5B /* Pods-DropTests.release.xcconfig */ = {isa = PBXFileReference; includeInIndex = 1; lastKnownFileType = text.xcconfig; name = "Pods-DropTests.release.xcconfig"; path = "Pods/Target Support Files/Pods-DropTests/Pods-DropTests.release.xcconfig"; sourceTree = "<group>"; };
		39818B053A7FFDC51A55A1E6 /* Pods-Drop.release.xcconfig */ = {isa = PBXFileReference; includeInIndex = 1; lastKnownFileType = text.xcconfig; name = "Pods-Drop.release.xcconfig"; path = "Pods/Target Support Files/Pods-Drop/Pods-Drop.release.xcconfig"; sourceTree = "<group>"; };
		3E43291F12FFF1702DDFCED5 /* Pods_Drop.framework */ = {isa = PBXFileReference; explicitFileType = wrapper.framework; includeInIndex = 0; path = Pods_Drop.framework; sourceTree = BUILT_PRODUCTS_DIR; };
		3FC87248E3C77BF1C2576DE6 /* Pods-DropUITests.debug.xcconfig */ = {isa = PBXFileReference; includeInIndex = 1; lastKnownFileType = text.xcconfig; name = "Pods-DropUITests.debug.xcconfig"; path = "Pods/Target Support Files/Pods-DropUITests/Pods-DropUITests.debug.xcconfig"; sourceTree = "<group>"; };
		4051676D72EF7283B2AD4D8F /* Pods_DropUITests.framework */ = {isa = PBXFileReference; explicitFileType = wrapper.framework; includeInIndex = 0; path = Pods_DropUITests.framework; sourceTree = BUILT_PRODUCTS_DIR; };
		65E0D4F1071E0013A99C54A0 /* Pods_DropTests.framework */ = {isa = PBXFileReference; explicitFileType = wrapper.framework; includeInIndex = 0; path = Pods_DropTests.framework; sourceTree = BUILT_PRODUCTS_DIR; };
		A7C316B2F2FCD76A3A49F955 /* Pods-Drop.debug.xcconfig */ = {isa = PBXFileReference; includeInIndex = 1; lastKnownFileType = text.xcconfig; name = "Pods-Drop.debug.xcconfig"; path = "Pods/Target Support Files/Pods-Drop/Pods-Drop.debug.xcconfig"; sourceTree = "<group>"; };
		AB57E2B54E4A269B4D065672 /* Pods-DropUITests.release.xcconfig */ = {isa = PBXFileReference; includeInIndex = 1; lastKnownFileType = text.xcconfig; name = "Pods-DropUITests.release.xcconfig"; path = "Pods/Target Support Files/Pods-DropUITests/Pods-DropUITests.release.xcconfig"; sourceTree = "<group>"; };
		AE02C18D6C1A24F440A8233F /* Pods-DropTests.debug.xcconfig */ = {isa = PBXFileReference; includeInIndex = 1; lastKnownFileType = text.xcconfig; name = "Pods-DropTests.debug.xcconfig"; path = "Pods/Target Support Files/Pods-DropTests/Pods-DropTests.debug.xcconfig"; sourceTree = "<group>"; };
		CF2815D41E630C1200E2B7B8 /* TODO.md */ = {isa = PBXFileReference; fileEncoding = 4; lastKnownFileType = net.daringfireball.markdown; path = TODO.md; sourceTree = "<group>"; };
		CF2815D81E6349EB00E2B7B8 /* VaccineDetailViewController.swift */ = {isa = PBXFileReference; fileEncoding = 4; lastKnownFileType = sourcecode.swift; path = VaccineDetailViewController.swift; sourceTree = "<group>"; };
		CFFC31F11E62071200985A0F /* Drop.app */ = {isa = PBXFileReference; explicitFileType = wrapper.application; includeInIndex = 0; path = Drop.app; sourceTree = BUILT_PRODUCTS_DIR; };
		CFFC31F41E62071200985A0F /* AppDelegate.swift */ = {isa = PBXFileReference; lastKnownFileType = sourcecode.swift; path = AppDelegate.swift; sourceTree = "<group>"; };
		CFFC31F61E62071200985A0F /* ViewController.swift */ = {isa = PBXFileReference; lastKnownFileType = sourcecode.swift; path = ViewController.swift; sourceTree = "<group>"; };
		CFFC31F91E62071200985A0F /* Base */ = {isa = PBXFileReference; lastKnownFileType = file.storyboard; name = Base; path = Base.lproj/Main.storyboard; sourceTree = "<group>"; };
		CFFC31FB1E62071200985A0F /* Assets.xcassets */ = {isa = PBXFileReference; lastKnownFileType = folder.assetcatalog; path = Assets.xcassets; sourceTree = "<group>"; };
		CFFC31FE1E62071200985A0F /* Base */ = {isa = PBXFileReference; lastKnownFileType = file.storyboard; name = Base; path = Base.lproj/LaunchScreen.storyboard; sourceTree = "<group>"; };
		CFFC32001E62071200985A0F /* Info.plist */ = {isa = PBXFileReference; lastKnownFileType = text.plist.xml; path = Info.plist; sourceTree = "<group>"; };
		CFFC32051E62071200985A0F /* DropTests.xctest */ = {isa = PBXFileReference; explicitFileType = wrapper.cfbundle; includeInIndex = 0; path = DropTests.xctest; sourceTree = BUILT_PRODUCTS_DIR; };
		CFFC32091E62071200985A0F /* DropTests.swift */ = {isa = PBXFileReference; lastKnownFileType = sourcecode.swift; path = DropTests.swift; sourceTree = "<group>"; };
		CFFC320B1E62071200985A0F /* Info.plist */ = {isa = PBXFileReference; lastKnownFileType = text.plist.xml; path = Info.plist; sourceTree = "<group>"; };
		CFFC32101E62071200985A0F /* DropUITests.xctest */ = {isa = PBXFileReference; explicitFileType = wrapper.cfbundle; includeInIndex = 0; path = DropUITests.xctest; sourceTree = BUILT_PRODUCTS_DIR; };
		CFFC32141E62071200985A0F /* DropUITests.swift */ = {isa = PBXFileReference; lastKnownFileType = sourcecode.swift; path = DropUITests.swift; sourceTree = "<group>"; };
		CFFC32161E62071200985A0F /* Info.plist */ = {isa = PBXFileReference; lastKnownFileType = text.plist.xml; path = Info.plist; sourceTree = "<group>"; };
		CFFC32241E620EB200985A0F /* VaccineTableViewCell.swift */ = {isa = PBXFileReference; fileEncoding = 4; lastKnownFileType = sourcecode.swift; path = VaccineTableViewCell.swift; sourceTree = "<group>"; };
		CFFC32261E6213A000985A0F /* VaccineCollectionViewCell.swift */ = {isa = PBXFileReference; fileEncoding = 4; lastKnownFileType = sourcecode.swift; path = VaccineCollectionViewCell.swift; sourceTree = "<group>"; };
		CFFC32281E62156900985A0F /* .gitignore */ = {isa = PBXFileReference; fileEncoding = 4; lastKnownFileType = text; path = .gitignore; sourceTree = "<group>"; };
		CFFC322A1E6215B900985A0F /* K.swift */ = {isa = PBXFileReference; fileEncoding = 4; lastKnownFileType = sourcecode.swift; path = K.swift; sourceTree = "<group>"; };
		CFFC322C1E62418100985A0F /* Vaccine.swift */ = {isa = PBXFileReference; fileEncoding = 4; lastKnownFileType = sourcecode.swift; path = Vaccine.swift; sourceTree = "<group>"; };
		CFFC32301E6251F400985A0F /* README.md */ = {isa = PBXFileReference; fileEncoding = 4; lastKnownFileType = net.daringfireball.markdown; path = README.md; sourceTree = "<group>"; };
/* End PBXFileReference section */

/* Begin PBXFrameworksBuildPhase section */
		CFFC31EE1E62071200985A0F /* Frameworks */ = {
			isa = PBXFrameworksBuildPhase;
			buildActionMask = 2147483647;
			files = (
				CF2CA2BFF3259E016141DED3 /* Pods_Drop.framework in Frameworks */,
			);
			runOnlyForDeploymentPostprocessing = 0;
		};
		CFFC32021E62071200985A0F /* Frameworks */ = {
			isa = PBXFrameworksBuildPhase;
			buildActionMask = 2147483647;
			files = (
				F00D6E8CF1025609F006A61C /* Pods_DropTests.framework in Frameworks */,
			);
			runOnlyForDeploymentPostprocessing = 0;
		};
		CFFC320D1E62071200985A0F /* Frameworks */ = {
			isa = PBXFrameworksBuildPhase;
			buildActionMask = 2147483647;
			files = (
				6FD1B6C26E1DDC931D11B3D8 /* Pods_DropUITests.framework in Frameworks */,
			);
			runOnlyForDeploymentPostprocessing = 0;
		};
/* End PBXFrameworksBuildPhase section */

/* Begin PBXGroup section */
		30DE7946CE9467AC82270FDE /* Frameworks */ = {
			isa = PBXGroup;
			children = (
				3E43291F12FFF1702DDFCED5 /* Pods_Drop.framework */,
				65E0D4F1071E0013A99C54A0 /* Pods_DropTests.framework */,
				4051676D72EF7283B2AD4D8F /* Pods_DropUITests.framework */,
			);
			name = Frameworks;
			sourceTree = "<group>";
		};
		C1B50964AA750930F5D097B3 /* Pods */ = {
			isa = PBXGroup;
			children = (
				A7C316B2F2FCD76A3A49F955 /* Pods-Drop.debug.xcconfig */,
				39818B053A7FFDC51A55A1E6 /* Pods-Drop.release.xcconfig */,
				AE02C18D6C1A24F440A8233F /* Pods-DropTests.debug.xcconfig */,
				089CCE94681D81253A1CCF5B /* Pods-DropTests.release.xcconfig */,
				3FC87248E3C77BF1C2576DE6 /* Pods-DropUITests.debug.xcconfig */,
				AB57E2B54E4A269B4D065672 /* Pods-DropUITests.release.xcconfig */,
			);
			name = Pods;
			sourceTree = "<group>";
		};
		CF2815D61E63220700E2B7B8 /* Constants */ = {
			isa = PBXGroup;
			children = (
				CFFC322A1E6215B900985A0F /* K.swift */,
			);
			name = Constants;
			sourceTree = "<group>";
		};
		CFFC31E81E62071200985A0F = {
			isa = PBXGroup;
			children = (
				CF2815D41E630C1200E2B7B8 /* TODO.md */,
				CFFC32301E6251F400985A0F /* README.md */,
				CFFC32281E62156900985A0F /* .gitignore */,
				CFFC31F31E62071200985A0F /* Drop */,
				CFFC32081E62071200985A0F /* DropTests */,
				CFFC32131E62071200985A0F /* DropUITests */,
				CFFC31F21E62071200985A0F /* Products */,
				C1B50964AA750930F5D097B3 /* Pods */,
				30DE7946CE9467AC82270FDE /* Frameworks */,
			);
			sourceTree = "<group>";
		};
		CFFC31F21E62071200985A0F /* Products */ = {
			isa = PBXGroup;
			children = (
				CFFC31F11E62071200985A0F /* Drop.app */,
				CFFC32051E62071200985A0F /* DropTests.xctest */,
				CFFC32101E62071200985A0F /* DropUITests.xctest */,
			);
			name = Products;
			sourceTree = "<group>";
		};
		CFFC31F31E62071200985A0F /* Drop */ = {
			isa = PBXGroup;
			children = (
				CFFC322E1E6241DE00985A0F /* Cells */,
				CFFC322F1E6241F900985A0F /* Models */,
				CF2815D61E63220700E2B7B8 /* Constants */,
				CFFC31F41E62071200985A0F /* AppDelegate.swift */,
				CFFC31F61E62071200985A0F /* ViewController.swift */,
				CF2815D81E6349EB00E2B7B8 /* VaccineDetailViewController.swift */,
				CFFC31F81E62071200985A0F /* Main.storyboard */,
				CFFC31FB1E62071200985A0F /* Assets.xcassets */,
				CFFC31FD1E62071200985A0F /* LaunchScreen.storyboard */,
				CFFC32001E62071200985A0F /* Info.plist */,
			);
			path = Drop;
			sourceTree = "<group>";
		};
		CFFC32081E62071200985A0F /* DropTests */ = {
			isa = PBXGroup;
			children = (
				CFFC32091E62071200985A0F /* DropTests.swift */,
				CFFC320B1E62071200985A0F /* Info.plist */,
			);
			path = DropTests;
			sourceTree = "<group>";
		};
		CFFC32131E62071200985A0F /* DropUITests */ = {
			isa = PBXGroup;
			children = (
				CFFC32141E62071200985A0F /* DropUITests.swift */,
				CFFC32161E62071200985A0F /* Info.plist */,
			);
			path = DropUITests;
			sourceTree = "<group>";
		};
		CFFC322E1E6241DE00985A0F /* Cells */ = {
			isa = PBXGroup;
			children = (
				CFFC32241E620EB200985A0F /* VaccineTableViewCell.swift */,
				CFFC32261E6213A000985A0F /* VaccineCollectionViewCell.swift */,
			);
			name = Cells;
			sourceTree = "<group>";
		};
		CFFC322F1E6241F900985A0F /* Models */ = {
			isa = PBXGroup;
			children = (
				CFFC322C1E62418100985A0F /* Vaccine.swift */,
			);
			name = Models;
			sourceTree = "<group>";
		};
/* End PBXGroup section */

/* Begin PBXNativeTarget section */
		CFFC31F01E62071200985A0F /* Drop */ = {
			isa = PBXNativeTarget;
			buildConfigurationList = CFFC32191E62071200985A0F /* Build configuration list for PBXNativeTarget "Drop" */;
			buildPhases = (
				AA3C2A6BE5648B09EF62FF9F /* [CP] Check Pods Manifest.lock */,
				CFFC31ED1E62071200985A0F /* Sources */,
				CFFC31EE1E62071200985A0F /* Frameworks */,
				CFFC31EF1E62071200985A0F /* Resources */,
				2F5F0CD58913F214D4422626 /* [CP] Embed Pods Frameworks */,
				D2F0196A841B7AF2FBC86888 /* [CP] Copy Pods Resources */,
			);
			buildRules = (
			);
			dependencies = (
			);
			name = Drop;
			productName = Drop;
			productReference = CFFC31F11E62071200985A0F /* Drop.app */;
			productType = "com.apple.product-type.application";
		};
		CFFC32041E62071200985A0F /* DropTests */ = {
			isa = PBXNativeTarget;
			buildConfigurationList = CFFC321C1E62071200985A0F /* Build configuration list for PBXNativeTarget "DropTests" */;
			buildPhases = (
				1654B512F6DB81BCF3FF4BB5 /* [CP] Check Pods Manifest.lock */,
				CFFC32011E62071200985A0F /* Sources */,
				CFFC32021E62071200985A0F /* Frameworks */,
				CFFC32031E62071200985A0F /* Resources */,
				4C12CA4420A32D84B406D8F4 /* [CP] Embed Pods Frameworks */,
				90200F08CF8D682604EDB5AC /* [CP] Copy Pods Resources */,
			);
			buildRules = (
			);
			dependencies = (
				CFFC32071E62071200985A0F /* PBXTargetDependency */,
			);
			name = DropTests;
			productName = DropTests;
			productReference = CFFC32051E62071200985A0F /* DropTests.xctest */;
			productType = "com.apple.product-type.bundle.unit-test";
		};
		CFFC320F1E62071200985A0F /* DropUITests */ = {
			isa = PBXNativeTarget;
			buildConfigurationList = CFFC321F1E62071200985A0F /* Build configuration list for PBXNativeTarget "DropUITests" */;
			buildPhases = (
				64464CF9C89B00C4AC348005 /* [CP] Check Pods Manifest.lock */,
				CFFC320C1E62071200985A0F /* Sources */,
				CFFC320D1E62071200985A0F /* Frameworks */,
				CFFC320E1E62071200985A0F /* Resources */,
				C5A91C695C614273E896BF8A /* [CP] Embed Pods Frameworks */,
				C240CC97D8819DAAFD6F5C9B /* [CP] Copy Pods Resources */,
			);
			buildRules = (
			);
			dependencies = (
				CFFC32121E62071200985A0F /* PBXTargetDependency */,
			);
			name = DropUITests;
			productName = DropUITests;
			productReference = CFFC32101E62071200985A0F /* DropUITests.xctest */;
			productType = "com.apple.product-type.bundle.ui-testing";
		};
/* End PBXNativeTarget section */

/* Begin PBXProject section */
		CFFC31E91E62071200985A0F /* Project object */ = {
			isa = PBXProject;
			attributes = {
				LastSwiftUpdateCheck = 0820;
				LastUpgradeCheck = 0820;
				ORGANIZATIONNAME = "João Marcelo Oliveira de Souza";
				TargetAttributes = {
					CFFC31F01E62071200985A0F = {
						CreatedOnToolsVersion = 8.2.1;
						DevelopmentTeam = 2LWKNR2T2F;
						ProvisioningStyle = Automatic;
					};
					CFFC32041E62071200985A0F = {
						CreatedOnToolsVersion = 8.2.1;
						DevelopmentTeam = 2LWKNR2T2F;
						ProvisioningStyle = Automatic;
						TestTargetID = CFFC31F01E62071200985A0F;
					};
					CFFC320F1E62071200985A0F = {
						CreatedOnToolsVersion = 8.2.1;
						DevelopmentTeam = 2LWKNR2T2F;
						ProvisioningStyle = Automatic;
						TestTargetID = CFFC31F01E62071200985A0F;
					};
				};
			};
			buildConfigurationList = CFFC31EC1E62071200985A0F /* Build configuration list for PBXProject "Drop" */;
			compatibilityVersion = "Xcode 3.2";
			developmentRegion = English;
			hasScannedForEncodings = 0;
			knownRegions = (
				en,
				Base,
			);
			mainGroup = CFFC31E81E62071200985A0F;
			productRefGroup = CFFC31F21E62071200985A0F /* Products */;
			projectDirPath = "";
			projectRoot = "";
			targets = (
				CFFC31F01E62071200985A0F /* Drop */,
				CFFC32041E62071200985A0F /* DropTests */,
				CFFC320F1E62071200985A0F /* DropUITests */,
			);
		};
/* End PBXProject section */

/* Begin PBXResourcesBuildPhase section */
		CFFC31EF1E62071200985A0F /* Resources */ = {
			isa = PBXResourcesBuildPhase;
			buildActionMask = 2147483647;
			files = (
				CFFC32291E62156900985A0F /* .gitignore in Resources */,
				CFFC31FF1E62071200985A0F /* LaunchScreen.storyboard in Resources */,
				CFFC31FC1E62071200985A0F /* Assets.xcassets in Resources */,
				CFFC31FA1E62071200985A0F /* Main.storyboard in Resources */,
			);
			runOnlyForDeploymentPostprocessing = 0;
		};
		CFFC32031E62071200985A0F /* Resources */ = {
			isa = PBXResourcesBuildPhase;
			buildActionMask = 2147483647;
			files = (
			);
			runOnlyForDeploymentPostprocessing = 0;
		};
		CFFC320E1E62071200985A0F /* Resources */ = {
			isa = PBXResourcesBuildPhase;
			buildActionMask = 2147483647;
			files = (
			);
			runOnlyForDeploymentPostprocessing = 0;
		};
/* End PBXResourcesBuildPhase section */

/* Begin PBXShellScriptBuildPhase section */
		1654B512F6DB81BCF3FF4BB5 /* [CP] Check Pods Manifest.lock */ = {
			isa = PBXShellScriptBuildPhase;
			buildActionMask = 2147483647;
			files = (
			);
			inputPaths = (
			);
			name = "[CP] Check Pods Manifest.lock";
			outputPaths = (
			);
			runOnlyForDeploymentPostprocessing = 0;
			shellPath = /bin/sh;
			shellScript = "diff \"${PODS_ROOT}/../Podfile.lock\" \"${PODS_ROOT}/Manifest.lock\" > /dev/null\nif [ $? != 0 ] ; then\n    # print error to STDERR\n    echo \"error: The sandbox is not in sync with the Podfile.lock. Run 'pod install' or update your CocoaPods installation.\" >&2\n    exit 1\nfi\n";
			showEnvVarsInLog = 0;
		};
		2F5F0CD58913F214D4422626 /* [CP] Embed Pods Frameworks */ = {
			isa = PBXShellScriptBuildPhase;
			buildActionMask = 2147483647;
			files = (
			);
			inputPaths = (
			);
			name = "[CP] Embed Pods Frameworks";
			outputPaths = (
			);
			runOnlyForDeploymentPostprocessing = 0;
			shellPath = /bin/sh;
			shellScript = "\"${SRCROOT}/Pods/Target Support Files/Pods-Drop/Pods-Drop-frameworks.sh\"\n";
			showEnvVarsInLog = 0;
		};
		4C12CA4420A32D84B406D8F4 /* [CP] Embed Pods Frameworks */ = {
			isa = PBXShellScriptBuildPhase;
			buildActionMask = 2147483647;
			files = (
			);
			inputPaths = (
			);
			name = "[CP] Embed Pods Frameworks";
			outputPaths = (
			);
			runOnlyForDeploymentPostprocessing = 0;
			shellPath = /bin/sh;
			shellScript = "\"${SRCROOT}/Pods/Target Support Files/Pods-DropTests/Pods-DropTests-frameworks.sh\"\n";
			showEnvVarsInLog = 0;
		};
		64464CF9C89B00C4AC348005 /* [CP] Check Pods Manifest.lock */ = {
			isa = PBXShellScriptBuildPhase;
			buildActionMask = 2147483647;
			files = (
			);
			inputPaths = (
			);
			name = "[CP] Check Pods Manifest.lock";
			outputPaths = (
			);
			runOnlyForDeploymentPostprocessing = 0;
			shellPath = /bin/sh;
			shellScript = "diff \"${PODS_ROOT}/../Podfile.lock\" \"${PODS_ROOT}/Manifest.lock\" > /dev/null\nif [ $? != 0 ] ; then\n    # print error to STDERR\n    echo \"error: The sandbox is not in sync with the Podfile.lock. Run 'pod install' or update your CocoaPods installation.\" >&2\n    exit 1\nfi\n";
			showEnvVarsInLog = 0;
		};
		90200F08CF8D682604EDB5AC /* [CP] Copy Pods Resources */ = {
			isa = PBXShellScriptBuildPhase;
			buildActionMask = 2147483647;
			files = (
			);
			inputPaths = (
			);
			name = "[CP] Copy Pods Resources";
			outputPaths = (
			);
			runOnlyForDeploymentPostprocessing = 0;
			shellPath = /bin/sh;
			shellScript = "\"${SRCROOT}/Pods/Target Support Files/Pods-DropTests/Pods-DropTests-resources.sh\"\n";
			showEnvVarsInLog = 0;
		};
		AA3C2A6BE5648B09EF62FF9F /* [CP] Check Pods Manifest.lock */ = {
			isa = PBXShellScriptBuildPhase;
			buildActionMask = 2147483647;
			files = (
			);
			inputPaths = (
			);
			name = "[CP] Check Pods Manifest.lock";
			outputPaths = (
			);
			runOnlyForDeploymentPostprocessing = 0;
			shellPath = /bin/sh;
			shellScript = "diff \"${PODS_ROOT}/../Podfile.lock\" \"${PODS_ROOT}/Manifest.lock\" > /dev/null\nif [ $? != 0 ] ; then\n    # print error to STDERR\n    echo \"error: The sandbox is not in sync with the Podfile.lock. Run 'pod install' or update your CocoaPods installation.\" >&2\n    exit 1\nfi\n";
			showEnvVarsInLog = 0;
		};
		C240CC97D8819DAAFD6F5C9B /* [CP] Copy Pods Resources */ = {
			isa = PBXShellScriptBuildPhase;
			buildActionMask = 2147483647;
			files = (
			);
			inputPaths = (
			);
			name = "[CP] Copy Pods Resources";
			outputPaths = (
			);
			runOnlyForDeploymentPostprocessing = 0;
			shellPath = /bin/sh;
			shellScript = "\"${SRCROOT}/Pods/Target Support Files/Pods-DropUITests/Pods-DropUITests-resources.sh\"\n";
			showEnvVarsInLog = 0;
		};
		C5A91C695C614273E896BF8A /* [CP] Embed Pods Frameworks */ = {
			isa = PBXShellScriptBuildPhase;
			buildActionMask = 2147483647;
			files = (
			);
			inputPaths = (
			);
			name = "[CP] Embed Pods Frameworks";
			outputPaths = (
			);
			runOnlyForDeploymentPostprocessing = 0;
			shellPath = /bin/sh;
			shellScript = "\"${SRCROOT}/Pods/Target Support Files/Pods-DropUITests/Pods-DropUITests-frameworks.sh\"\n";
			showEnvVarsInLog = 0;
		};
		D2F0196A841B7AF2FBC86888 /* [CP] Copy Pods Resources */ = {
			isa = PBXShellScriptBuildPhase;
			buildActionMask = 2147483647;
			files = (
			);
			inputPaths = (
			);
			name = "[CP] Copy Pods Resources";
			outputPaths = (
			);
			runOnlyForDeploymentPostprocessing = 0;
			shellPath = /bin/sh;
			shellScript = "\"${SRCROOT}/Pods/Target Support Files/Pods-Drop/Pods-Drop-resources.sh\"\n";
			showEnvVarsInLog = 0;
		};
/* End PBXShellScriptBuildPhase section */

/* Begin PBXSourcesBuildPhase section */
		CFFC31ED1E62071200985A0F /* Sources */ = {
			isa = PBXSourcesBuildPhase;
			buildActionMask = 2147483647;
			files = (
				CFFC31F71E62071200985A0F /* ViewController.swift in Sources */,
				CFFC322B1E6215B900985A0F /* K.swift in Sources */,
				CFFC31F51E62071200985A0F /* AppDelegate.swift in Sources */,
				CFFC32311E6251F400985A0F /* README.md in Sources */,
				CF2815D51E630C1200E2B7B8 /* TODO.md in Sources */,
				CF2815D91E6349EB00E2B7B8 /* VaccineDetailViewController.swift in Sources */,
				CFFC322D1E62418100985A0F /* Vaccine.swift in Sources */,
				CFFC32271E6213A000985A0F /* VaccineCollectionViewCell.swift in Sources */,
				CFFC32251E620EB200985A0F /* VaccineTableViewCell.swift in Sources */,
			);
			runOnlyForDeploymentPostprocessing = 0;
		};
		CFFC32011E62071200985A0F /* Sources */ = {
			isa = PBXSourcesBuildPhase;
			buildActionMask = 2147483647;
			files = (
				CFFC320A1E62071200985A0F /* DropTests.swift in Sources */,
			);
			runOnlyForDeploymentPostprocessing = 0;
		};
		CFFC320C1E62071200985A0F /* Sources */ = {
			isa = PBXSourcesBuildPhase;
			buildActionMask = 2147483647;
			files = (
				CFFC32151E62071200985A0F /* DropUITests.swift in Sources */,
			);
			runOnlyForDeploymentPostprocessing = 0;
		};
/* End PBXSourcesBuildPhase section */

/* Begin PBXTargetDependency section */
		CFFC32071E62071200985A0F /* PBXTargetDependency */ = {
			isa = PBXTargetDependency;
			target = CFFC31F01E62071200985A0F /* Drop */;
			targetProxy = CFFC32061E62071200985A0F /* PBXContainerItemProxy */;
		};
		CFFC32121E62071200985A0F /* PBXTargetDependency */ = {
			isa = PBXTargetDependency;
			target = CFFC31F01E62071200985A0F /* Drop */;
			targetProxy = CFFC32111E62071200985A0F /* PBXContainerItemProxy */;
		};
/* End PBXTargetDependency section */

/* Begin PBXVariantGroup section */
		CFFC31F81E62071200985A0F /* Main.storyboard */ = {
			isa = PBXVariantGroup;
			children = (
				CFFC31F91E62071200985A0F /* Base */,
			);
			name = Main.storyboard;
			sourceTree = "<group>";
		};
		CFFC31FD1E62071200985A0F /* LaunchScreen.storyboard */ = {
			isa = PBXVariantGroup;
			children = (
				CFFC31FE1E62071200985A0F /* Base */,
			);
			name = LaunchScreen.storyboard;
			sourceTree = "<group>";
		};
/* End PBXVariantGroup section */

/* Begin XCBuildConfiguration section */
		CFFC32171E62071200985A0F /* Debug */ = {
			isa = XCBuildConfiguration;
			buildSettings = {
				ALWAYS_SEARCH_USER_PATHS = NO;
				CLANG_ANALYZER_NONNULL = YES;
				CLANG_CXX_LANGUAGE_STANDARD = "gnu++0x";
				CLANG_CXX_LIBRARY = "libc++";
				CLANG_ENABLE_MODULES = YES;
				CLANG_ENABLE_OBJC_ARC = YES;
				CLANG_WARN_BOOL_CONVERSION = YES;
				CLANG_WARN_CONSTANT_CONVERSION = YES;
				CLANG_WARN_DIRECT_OBJC_ISA_USAGE = YES_ERROR;
				CLANG_WARN_DOCUMENTATION_COMMENTS = YES;
				CLANG_WARN_EMPTY_BODY = YES;
				CLANG_WARN_ENUM_CONVERSION = YES;
				CLANG_WARN_INFINITE_RECURSION = YES;
				CLANG_WARN_INT_CONVERSION = YES;
				CLANG_WARN_OBJC_ROOT_CLASS = YES_ERROR;
				CLANG_WARN_SUSPICIOUS_MOVE = YES;
				CLANG_WARN_UNREACHABLE_CODE = YES;
				CLANG_WARN__DUPLICATE_METHOD_MATCH = YES;
				"CODE_SIGN_IDENTITY[sdk=iphoneos*]" = "iPhone Developer";
				COPY_PHASE_STRIP = NO;
				DEBUG_INFORMATION_FORMAT = dwarf;
				ENABLE_STRICT_OBJC_MSGSEND = YES;
				ENABLE_TESTABILITY = YES;
				GCC_C_LANGUAGE_STANDARD = gnu99;
				GCC_DYNAMIC_NO_PIC = NO;
				GCC_NO_COMMON_BLOCKS = YES;
				GCC_OPTIMIZATION_LEVEL = 0;
				GCC_PREPROCESSOR_DEFINITIONS = (
					"DEBUG=1",
					"$(inherited)",
				);
				GCC_WARN_64_TO_32_BIT_CONVERSION = YES;
				GCC_WARN_ABOUT_RETURN_TYPE = YES_ERROR;
				GCC_WARN_UNDECLARED_SELECTOR = YES;
				GCC_WARN_UNINITIALIZED_AUTOS = YES_AGGRESSIVE;
				GCC_WARN_UNUSED_FUNCTION = YES;
				GCC_WARN_UNUSED_VARIABLE = YES;
				IPHONEOS_DEPLOYMENT_TARGET = 10.2;
				MTL_ENABLE_DEBUG_INFO = YES;
				ONLY_ACTIVE_ARCH = YES;
				SDKROOT = iphoneos;
				SWIFT_ACTIVE_COMPILATION_CONDITIONS = DEBUG;
				SWIFT_OPTIMIZATION_LEVEL = "-Onone";
				TARGETED_DEVICE_FAMILY = "1,2";
			};
			name = Debug;
		};
		CFFC32181E62071200985A0F /* Release */ = {
			isa = XCBuildConfiguration;
			buildSettings = {
				ALWAYS_SEARCH_USER_PATHS = NO;
				CLANG_ANALYZER_NONNULL = YES;
				CLANG_CXX_LANGUAGE_STANDARD = "gnu++0x";
				CLANG_CXX_LIBRARY = "libc++";
				CLANG_ENABLE_MODULES = YES;
				CLANG_ENABLE_OBJC_ARC = YES;
				CLANG_WARN_BOOL_CONVERSION = YES;
				CLANG_WARN_CONSTANT_CONVERSION = YES;
				CLANG_WARN_DIRECT_OBJC_ISA_USAGE = YES_ERROR;
				CLANG_WARN_DOCUMENTATION_COMMENTS = YES;
				CLANG_WARN_EMPTY_BODY = YES;
				CLANG_WARN_ENUM_CONVERSION = YES;
				CLANG_WARN_INFINITE_RECURSION = YES;
				CLANG_WARN_INT_CONVERSION = YES;
				CLANG_WARN_OBJC_ROOT_CLASS = YES_ERROR;
				CLANG_WARN_SUSPICIOUS_MOVE = YES;
				CLANG_WARN_UNREACHABLE_CODE = YES;
				CLANG_WARN__DUPLICATE_METHOD_MATCH = YES;
				"CODE_SIGN_IDENTITY[sdk=iphoneos*]" = "iPhone Developer";
				COPY_PHASE_STRIP = NO;
				DEBUG_INFORMATION_FORMAT = "dwarf-with-dsym";
				ENABLE_NS_ASSERTIONS = NO;
				ENABLE_STRICT_OBJC_MSGSEND = YES;
				GCC_C_LANGUAGE_STANDARD = gnu99;
				GCC_NO_COMMON_BLOCKS = YES;
				GCC_WARN_64_TO_32_BIT_CONVERSION = YES;
				GCC_WARN_ABOUT_RETURN_TYPE = YES_ERROR;
				GCC_WARN_UNDECLARED_SELECTOR = YES;
				GCC_WARN_UNINITIALIZED_AUTOS = YES_AGGRESSIVE;
				GCC_WARN_UNUSED_FUNCTION = YES;
				GCC_WARN_UNUSED_VARIABLE = YES;
				IPHONEOS_DEPLOYMENT_TARGET = 10.2;
				MTL_ENABLE_DEBUG_INFO = NO;
				SDKROOT = iphoneos;
				SWIFT_OPTIMIZATION_LEVEL = "-Owholemodule";
				TARGETED_DEVICE_FAMILY = "1,2";
				VALIDATE_PRODUCT = YES;
			};
			name = Release;
		};
		CFFC321A1E62071200985A0F /* Debug */ = {
			isa = XCBuildConfiguration;
			baseConfigurationReference = A7C316B2F2FCD76A3A49F955 /* Pods-Drop.debug.xcconfig */;
			buildSettings = {
				ASSETCATALOG_COMPILER_APPICON_NAME = AppIcon;
				DEVELOPMENT_TEAM = 2LWKNR2T2F;
				INFOPLIST_FILE = Drop/Info.plist;
				LD_RUNPATH_SEARCH_PATHS = "$(inherited) @executable_path/Frameworks";
				PRODUCT_BUNDLE_IDENTIFIER = me.jmosouza.Drop;
				PRODUCT_NAME = "$(TARGET_NAME)";
				SWIFT_VERSION = 3.0;
			};
			name = Debug;
		};
		CFFC321B1E62071200985A0F /* Release */ = {
			isa = XCBuildConfiguration;
			baseConfigurationReference = 39818B053A7FFDC51A55A1E6 /* Pods-Drop.release.xcconfig */;
			buildSettings = {
				ASSETCATALOG_COMPILER_APPICON_NAME = AppIcon;
				DEVELOPMENT_TEAM = 2LWKNR2T2F;
				INFOPLIST_FILE = Drop/Info.plist;
				LD_RUNPATH_SEARCH_PATHS = "$(inherited) @executable_path/Frameworks";
				PRODUCT_BUNDLE_IDENTIFIER = me.jmosouza.Drop;
				PRODUCT_NAME = "$(TARGET_NAME)";
				SWIFT_VERSION = 3.0;
			};
			name = Release;
		};
		CFFC321D1E62071200985A0F /* Debug */ = {
			isa = XCBuildConfiguration;
			baseConfigurationReference = AE02C18D6C1A24F440A8233F /* Pods-DropTests.debug.xcconfig */;
			buildSettings = {
				ALWAYS_EMBED_SWIFT_STANDARD_LIBRARIES = YES;
				BUNDLE_LOADER = "$(TEST_HOST)";
				DEVELOPMENT_TEAM = 2LWKNR2T2F;
				INFOPLIST_FILE = DropTests/Info.plist;
				LD_RUNPATH_SEARCH_PATHS = "$(inherited) @executable_path/Frameworks @loader_path/Frameworks";
				PRODUCT_BUNDLE_IDENTIFIER = me.jmosouza.DropTests;
				PRODUCT_NAME = "$(TARGET_NAME)";
				SWIFT_VERSION = 3.0;
				TEST_HOST = "$(BUILT_PRODUCTS_DIR)/Drop.app/Drop";
			};
			name = Debug;
		};
		CFFC321E1E62071200985A0F /* Release */ = {
			isa = XCBuildConfiguration;
			baseConfigurationReference = 089CCE94681D81253A1CCF5B /* Pods-DropTests.release.xcconfig */;
			buildSettings = {
				ALWAYS_EMBED_SWIFT_STANDARD_LIBRARIES = YES;
				BUNDLE_LOADER = "$(TEST_HOST)";
				DEVELOPMENT_TEAM = 2LWKNR2T2F;
				INFOPLIST_FILE = DropTests/Info.plist;
				LD_RUNPATH_SEARCH_PATHS = "$(inherited) @executable_path/Frameworks @loader_path/Frameworks";
				PRODUCT_BUNDLE_IDENTIFIER = me.jmosouza.DropTests;
				PRODUCT_NAME = "$(TARGET_NAME)";
				SWIFT_VERSION = 3.0;
				TEST_HOST = "$(BUILT_PRODUCTS_DIR)/Drop.app/Drop";
			};
			name = Release;
		};
		CFFC32201E62071200985A0F /* Debug */ = {
			isa = XCBuildConfiguration;
			baseConfigurationReference = 3FC87248E3C77BF1C2576DE6 /* Pods-DropUITests.debug.xcconfig */;
			buildSettings = {
				ALWAYS_EMBED_SWIFT_STANDARD_LIBRARIES = YES;
				DEVELOPMENT_TEAM = 2LWKNR2T2F;
				INFOPLIST_FILE = DropUITests/Info.plist;
				LD_RUNPATH_SEARCH_PATHS = "$(inherited) @executable_path/Frameworks @loader_path/Frameworks";
				PRODUCT_BUNDLE_IDENTIFIER = me.jmosouza.DropUITests;
				PRODUCT_NAME = "$(TARGET_NAME)";
				SWIFT_VERSION = 3.0;
				TEST_TARGET_NAME = Drop;
			};
			name = Debug;
		};
		CFFC32211E62071200985A0F /* Release */ = {
			isa = XCBuildConfiguration;
			baseConfigurationReference = AB57E2B54E4A269B4D065672 /* Pods-DropUITests.release.xcconfig */;
			buildSettings = {
				ALWAYS_EMBED_SWIFT_STANDARD_LIBRARIES = YES;
				DEVELOPMENT_TEAM = 2LWKNR2T2F;
				INFOPLIST_FILE = DropUITests/Info.plist;
				LD_RUNPATH_SEARCH_PATHS = "$(inherited) @executable_path/Frameworks @loader_path/Frameworks";
				PRODUCT_BUNDLE_IDENTIFIER = me.jmosouza.DropUITests;
				PRODUCT_NAME = "$(TARGET_NAME)";
				SWIFT_VERSION = 3.0;
				TEST_TARGET_NAME = Drop;
			};
			name = Release;
		};
/* End XCBuildConfiguration section */

/* Begin XCConfigurationList section */
		CFFC31EC1E62071200985A0F /* Build configuration list for PBXProject "Drop" */ = {
			isa = XCConfigurationList;
			buildConfigurations = (
				CFFC32171E62071200985A0F /* Debug */,
				CFFC32181E62071200985A0F /* Release */,
			);
			defaultConfigurationIsVisible = 0;
			defaultConfigurationName = Release;
		};
		CFFC32191E62071200985A0F /* Build configuration list for PBXNativeTarget "Drop" */ = {
			isa = XCConfigurationList;
			buildConfigurations = (
				CFFC321A1E62071200985A0F /* Debug */,
				CFFC321B1E62071200985A0F /* Release */,
			);
			defaultConfigurationIsVisible = 0;
			defaultConfigurationName = Release;
		};
		CFFC321C1E62071200985A0F /* Build configuration list for PBXNativeTarget "DropTests" */ = {
			isa = XCConfigurationList;
			buildConfigurations = (
				CFFC321D1E62071200985A0F /* Debug */,
				CFFC321E1E62071200985A0F /* Release */,
			);
			defaultConfigurationIsVisible = 0;
			defaultConfigurationName = Release;
		};
		CFFC321F1E62071200985A0F /* Build configuration list for PBXNativeTarget "DropUITests" */ = {
			isa = XCConfigurationList;
			buildConfigurations = (
				CFFC32201E62071200985A0F /* Debug */,
				CFFC32211E62071200985A0F /* Release */,
			);
			defaultConfigurationIsVisible = 0;
			defaultConfigurationName = Release;
		};
/* End XCConfigurationList section */
	};
	rootObject = CFFC31E91E62071200985A0F /* Project object */;
}
